
Microsoft Visual Studio Solution File, Format Version 12.00
# Visual Studio Version 17
VisualStudioVersion = 17.10.35122.118
MinimumVisualStudioVersion = 10.0.40219.1
Project("{FAE04EC0-301F-11D3-BF4B-00C04F79EFBC}") = "CHECKME", "CHECKME\CHECKME.csproj", "{DB747FF0-C44F-464A-9CE5-9C8C1870B99F}"
EndProject
Global
	GlobalSection(SolutionConfigurationPlatforms) = preSolution
		Debug|Any CPU = Debug|Any CPU
		Release|Any CPU = Release|Any CPU
	EndGlobalSection
	GlobalSection(ProjectConfigurationPlatforms) = postSolution
		{DB747FF0-C44F-464A-9CE5-9C8C1870B99F}.Debug|Any CPU.ActiveCfg = Debug|Any CPU
		{DB747FF0-C44F-464A-9CE5-9C8C1870B99F}.Debug|Any CPU.Build.0 = Debug|Any CPU
		{DB747FF0-C44F-464A-9CE5-9C8C1870B99F}.Release|Any CPU.ActiveCfg = Release|Any CPU
		{DB747FF0-C44F-464A-9CE5-9C8C1870B99F}.Release|Any CPU.Build.0 = Release|Any CPU
	EndGlobalSection
	GlobalSection(SolutionProperties) = preSolution
		HideSolutionNode = FALSE
	EndGlobalSection
	GlobalSection(ExtensibilityGlobals) = postSolution
		SolutionGuid = {352FE509-674A-4837-8AB0-DE707DD8EDEF}
	EndGlobalSection
EndGlobal
